
Microsoft Visual Studio Solution File, Format Version 12.00
# Visual Studio 15
VisualStudioVersion = 15.0.26403.7
MinimumVisualStudioVersion = 10.0.40219.1
Project("{FAE04EC0-301F-11D3-BF4B-00C04F79EFBC}") = "poker", "poker\poker.csproj", "{0DF0BF50-4BBE-4DB3-8FD7-EBC31A03BC2E}"
EndProject
Project("{FAE04EC0-301F-11D3-BF4B-00C04F79EFBC}") = "poker_tests", "poker_tests\poker_tests.csproj", "{7A895F5F-7A17-4D81-BB8C-53B5F3CE095B}"
EndProject
Global
	GlobalSection(SolutionConfigurationPlatforms) = preSolution
		Debug|Any CPU = Debug|Any CPU
		Release|Any CPU = Release|Any CPU
	EndGlobalSection
	GlobalSection(ProjectConfigurationPlatforms) = postSolution
		{0DF0BF50-4BBE-4DB3-8FD7-EBC31A03BC2E}.Debug|Any CPU.ActiveCfg = Debug|Any CPU
		{0DF0BF50-4BBE-4DB3-8FD7-EBC31A03BC2E}.Debug|Any CPU.Build.0 = Debug|Any CPU
		{0DF0BF50-4BBE-4DB3-8FD7-EBC31A03BC2E}.Release|Any CPU.ActiveCfg = Release|Any CPU
		{0DF0BF50-4BBE-4DB3-8FD7-EBC31A03BC2E}.Release|Any CPU.Build.0 = Release|Any CPU
		{7A895F5F-7A17-4D81-BB8C-53B5F3CE095B}.Debug|Any CPU.ActiveCfg = Debug|Any CPU
		{7A895F5F-7A17-4D81-BB8C-53B5F3CE095B}.Debug|Any CPU.Build.0 = Debug|Any CPU
		{7A895F5F-7A17-4D81-BB8C-53B5F3CE095B}.Release|Any CPU.ActiveCfg = Release|Any CPU
		{7A895F5F-7A17-4D81-BB8C-53B5F3CE095B}.Release|Any CPU.Build.0 = Release|Any CPU
	EndGlobalSection
	GlobalSection(SolutionProperties) = preSolution
		HideSolutionNode = FALSE
	EndGlobalSection
EndGlobal
